// !$*UTF8*$!
{
	archiveVersion = 1;
	classes = {
	};
	objectVersion = 45;
	objects = {

/* Begin PBXBuildFile section */
		1E6914867CE45EA13A5D391B /* bChunk.cpp in Sources */ = {isa = PBXBuildFile; fileRef = 59FC478D3293743F0EAF322A /* bChunk.cpp */; };
		1CC701A4620B595D19832278 /* bDNA.cpp in Sources */ = {isa = PBXBuildFile; fileRef = 7A103893786B395442BF0B15 /* bDNA.cpp */; };
		123E5057281F1BA63A134922 /* bFile.cpp in Sources */ = {isa = PBXBuildFile; fileRef = 69D60A59178F3B6634EA7A9B /* bFile.cpp */; };
		1E1707C726716DB1056942AF /* btBulletFile.cpp in Sources */ = {isa = PBXBuildFile; fileRef = 473A6E161A866BA7624009F4 /* btBulletFile.cpp */; };
/* End PBXBuildFile section */

/* Begin PBXFileReference section */
		535726817DB127FD5F021873 /* bullet.h */ = {isa = PBXFileReference; lastKnownFileType = sourcecode.c.h; name = "bullet.h"; path = "../../Extras/Serialize/BulletFileLoader/autogenerated/bullet.h"; sourceTree = "<group>"; };
		59FC478D3293743F0EAF322A /* bChunk.cpp */ = {isa = PBXFileReference; lastKnownFileType = sourcecode.cpp.cpp; name = "bChunk.cpp"; path = "../../Extras/Serialize/BulletFileLoader/bChunk.cpp"; sourceTree = "<group>"; };
		48BD29C178215F5377BE7DCB /* bChunk.h */ = {isa = PBXFileReference; lastKnownFileType = sourcecode.c.h; name = "bChunk.h"; path = "../../Extras/Serialize/BulletFileLoader/bChunk.h"; sourceTree = "<group>"; };
		4D7F024506C0545406223D39 /* bCommon.h */ = {isa = PBXFileReference; lastKnownFileType = sourcecode.c.h; name = "bCommon.h"; path = "../../Extras/Serialize/BulletFileLoader/bCommon.h"; sourceTree = "<group>"; };
		7A103893786B395442BF0B15 /* bDNA.cpp */ = {isa = PBXFileReference; lastKnownFileType = sourcecode.cpp.cpp; name = "bDNA.cpp"; path = "../../Extras/Serialize/BulletFileLoader/bDNA.cpp"; sourceTree = "<group>"; };
		27BD122369574FD0734B64B8 /* bDNA.h */ = {isa = PBXFileReference; lastKnownFileType = sourcecode.c.h; name = "bDNA.h"; path = "../../Extras/Serialize/BulletFileLoader/bDNA.h"; sourceTree = "<group>"; };
		721D78933156054F22835469 /* bDefines.h */ = {isa = PBXFileReference; lastKnownFileType = sourcecode.c.h; name = "bDefines.h"; path = "../../Extras/Serialize/BulletFileLoader/bDefines.h"; sourceTree = "<group>"; };
		69D60A59178F3B6634EA7A9B /* bFile.cpp */ = {isa = PBXFileReference; lastKnownFileType = sourcecode.cpp.cpp; name = "bFile.cpp"; path = "../../Extras/Serialize/BulletFileLoader/bFile.cpp"; sourceTree = "<group>"; };
		59B902856A0C40092D1F0288 /* bFile.h */ = {isa = PBXFileReference; lastKnownFileType = sourcecode.c.h; name = "bFile.h"; path = "../../Extras/Serialize/BulletFileLoader/bFile.h"; sourceTree = "<group>"; };
		473A6E161A866BA7624009F4 /* btBulletFile.cpp */ = {isa = PBXFileReference; lastKnownFileType = sourcecode.cpp.cpp; name = "btBulletFile.cpp"; path = "../../Extras/Serialize/BulletFileLoader/btBulletFile.cpp"; sourceTree = "<group>"; };
		7C2B08AE71F047365B5B6107 /* btBulletFile.h */ = {isa = PBXFileReference; lastKnownFileType = sourcecode.c.h; name = "btBulletFile.h"; path = "../../Extras/Serialize/BulletFileLoader/btBulletFile.h"; sourceTree = "<group>"; };
		62475EEE7F177508087E1671 /* libBulletFileLoader_xcode4_x64_release.a */ = {isa = PBXFileReference; explicitFileType = archive.ar; includeInIndex = 0; name = "libBulletFileLoader_xcode4_x64_release.a"; path = "libBulletFileLoader_xcode4_x64_release.a"; sourceTree = BUILT_PRODUCTS_DIR; };
/* End PBXFileReference section */

/* Begin PBXFrameworksBuildPhase section */
		29DC3A4F2F2F5AEC4B4669E0 /* Frameworks */ = {
			isa = PBXFrameworksBuildPhase;
			buildActionMask = 2147483647;
			files = (
			);
			runOnlyForDeploymentPostprocessing = 0;
		};
/* End PBXFrameworksBuildPhase section */

/* Begin PBXGroup section */
		54E6742809FC2CFC56813CE0 /* BulletFileLoader */ = {
			isa = PBXGroup;
			children = (
				3D7C263425B54738608D505A /* Extras */,
				4EBB5C436E047EF92DB35CCA /* Products */,
			);
			name = "BulletFileLoader";
			sourceTree = "<group>";
		};
		3D7C263425B54738608D505A /* Extras */ = {
			isa = PBXGroup;
			children = (
				50E23BB37F1E130222504542 /* Serialize */,
			);
			name = "Extras";
			sourceTree = "<group>";
		};
		50E23BB37F1E130222504542 /* Serialize */ = {
			isa = PBXGroup;
			children = (
				0D860B2554DB18343BC52672 /* BulletFileLoader */,
			);
			name = "Serialize";
			sourceTree = "<group>";
		};
		0D860B2554DB18343BC52672 /* BulletFileLoader */ = {
			isa = PBXGroup;
			children = (
				0FA87B33099A7B10097175CC /* autogenerated */,
				59FC478D3293743F0EAF322A /* bChunk.cpp */,
				48BD29C178215F5377BE7DCB /* bChunk.h */,
				4D7F024506C0545406223D39 /* bCommon.h */,
				7A103893786B395442BF0B15 /* bDNA.cpp */,
				27BD122369574FD0734B64B8 /* bDNA.h */,
				721D78933156054F22835469 /* bDefines.h */,
				69D60A59178F3B6634EA7A9B /* bFile.cpp */,
				59B902856A0C40092D1F0288 /* bFile.h */,
				473A6E161A866BA7624009F4 /* btBulletFile.cpp */,
				7C2B08AE71F047365B5B6107 /* btBulletFile.h */,
			);
			name = "BulletFileLoader";
			sourceTree = "<group>";
		};
		0FA87B33099A7B10097175CC /* autogenerated */ = {
			isa = PBXGroup;
			children = (
				535726817DB127FD5F021873 /* bullet.h */,
			);
			name = "autogenerated";
			sourceTree = "<group>";
		};
		4EBB5C436E047EF92DB35CCA /* Products */ = {
			isa = PBXGroup;
			children = (
				62475EEE7F177508087E1671 /* libBulletFileLoader_xcode4_x64_release.a */,
			);
			name = "Products";
			sourceTree = "<group>";
		};
/* End PBXGroup section */

/* Begin PBXNativeTarget section */
		58641C850BE5245159131176 /* BulletFileLoader */ = {
			isa = PBXNativeTarget;
			buildConfigurationList = 725C0FD6304912C1675A591F /* Build configuration list for PBXNativeTarget "BulletFileLoader" */;
			buildPhases = (
				03094E94087E378323B96372 /* Resources */,
				7BF407D8350D2239772B2928 /* Sources */,
				29DC3A4F2F2F5AEC4B4669E0 /* Frameworks */,
			);
			buildRules = (
			);
			dependencies = (
			);
			name = "BulletFileLoader";
			productName = "BulletFileLoader";
			productReference = 62475EEE7F177508087E1671 /* libBulletFileLoader_xcode4_x64_release.a */;
			productType = "com.apple.product-type.library.static";
		};
/* End PBXNativeTarget section */

/* Begin PBXProject section */
		08FB7793FE84155DC02AAC07 /* Project object */ = {
			isa = PBXProject;
			buildConfigurationList = 1DEB928908733DD80010E9CD /* Build configuration list for PBXProject "BulletFileLoader" */;
			compatibilityVersion = "Xcode 3.2";
			hasScannedForEncodings = 1;
			mainGroup = 54E6742809FC2CFC56813CE0 /* BulletFileLoader */;
			projectDirPath = "";
			projectRoot = "";
			targets = (
				58641C850BE5245159131176 /* libBulletFileLoader_xcode4_x64_release.a */,
			);
		};
/* End PBXProject section */

/* Begin PBXResourcesBuildPhase section */
		03094E94087E378323B96372 /* Resources */ = {
			isa = PBXResourcesBuildPhase;
			buildActionMask = 2147483647;
			files = (
			);
			runOnlyForDeploymentPostprocessing = 0;
		};
/* End PBXResourcesBuildPhase section */

/* Begin PBXSourcesBuildPhase section */
		7BF407D8350D2239772B2928 /* Sources */ = {
			isa = PBXSourcesBuildPhase;
			buildActionMask = 2147483647;
			files = (
				1E6914867CE45EA13A5D391B /* bChunk.cpp in Sources */,
				1CC701A4620B595D19832278 /* bDNA.cpp in Sources */,
				123E5057281F1BA63A134922 /* bFile.cpp in Sources */,
				1E1707C726716DB1056942AF /* btBulletFile.cpp in Sources */,
			);
			runOnlyForDeploymentPostprocessing = 0;
		};
/* End PBXSourcesBuildPhase section */

/* Begin PBXVariantGroup section */
/* End PBXVariantGroup section */

/* Begin XCBuildConfiguration section */
		7B403674268D2654121130BC /* Release */ = {
			isa = XCBuildConfiguration;
			buildSettings = {
				ARCHS = "$(ARCHS_STANDARD_32_BIT) $(ARCHS_STANDARD_64_BIT)";
				VALID_ARCHS = "x86_64 i386";
				ALWAYS_SEARCH_USER_PATHS = NO;
				DEBUG_INFORMATION_FORMAT = "dwarf-with-dsym";
				CONFIGURATION_BUILD_DIR = "../../bin";
				GCC_DYNAMIC_NO_PIC = NO;
				GCC_MODEL_TUNING = G5;
				INSTALL_PATH = /usr/local/lib;
				PRODUCT_NAME = "BulletFileLoader_xcode4_x64_release";
			};
			name = "Release";
		};
		1E3F5303111843733E1B7368 /* Debug */ = {
			isa = XCBuildConfiguration;
			buildSettings = {
				ARCHS = "$(ARCHS_STANDARD_32_BIT) $(ARCHS_STANDARD_64_BIT)";
				VALID_ARCHS = "x86_64 i386";
				ALWAYS_SEARCH_USER_PATHS = NO;
				CONFIGURATION_BUILD_DIR = "../../bin";
				GCC_DYNAMIC_NO_PIC = NO;
				GCC_MODEL_TUNING = G5;
				INSTALL_PATH = /usr/local/lib;
				PRODUCT_NAME = "BulletFileLoader_xcode4_x64_debug";
			};
			name = "Debug";
		};
		34C0462825207FAE1C8F7202 /* Release */ = {
			isa = XCBuildConfiguration;
			buildSettings = {
				ARCHS = "$(ARCHS_STANDARD_32_BIT) $(ARCHS_STANDARD_64_BIT)";
				VALID_ARCHS = "x86_64 i386";
				SDKROOT = macosx;
				ARCHS = "x86_64";
				CONFIGURATION_BUILD_DIR = "$(SYMROOT)";
				CONFIGURATION_TEMP_DIR = "$(OBJROOT)";
				GCC_C_LANGUAGE_STANDARD = gnu99;
				GCC_OPTIMIZATION_LEVEL = s;
				GCC_SYMBOLS_PRIVATE_EXTERN = NO;
				GCC_WARN_ABOUT_RETURN_TYPE = YES;
				GCC_WARN_UNUSED_VARIABLE = YES;
				HEADER_SEARCH_PATHS = (
					"../../src",
				);
				OBJROOT = "obj/x64/Release/BulletFileLoader";
				ONLY_ACTIVE_ARCH = NO;
				OTHER_CFLAGS = (
					"-ffast-math",
				);
				STANDARD_C_PLUS_PLUS_LIBRARY_TYPE = static;
				SYMROOT = "../../bin";
			};
			name = "Release";
		};
		47CF04922A9D4AF0087A245B /* Debug */ = {
			isa = XCBuildConfiguration;
			buildSettings = {
				ARCHS = "$(ARCHS_STANDARD_32_BIT) $(ARCHS_STANDARD_64_BIT)";
				VALID_ARCHS = "x86_64 i386";
				SDKROOT = macosx;
				ARCHS = "x86_64";
				CONFIGURATION_BUILD_DIR = "$(SYMROOT)";
				CONFIGURATION_TEMP_DIR = "$(OBJROOT)";
				COPY_PHASE_STRIP = NO;
				GCC_C_LANGUAGE_STANDARD = gnu99;
				GCC_OPTIMIZATION_LEVEL = 0;
				GCC_PREPROCESSOR_DEFINITIONS = (
					"_DEBUG=1",
				);
				GCC_SYMBOLS_PRIVATE_EXTERN = NO;
				GCC_WARN_ABOUT_RETURN_TYPE = YES;
				GCC_WARN_UNUSED_VARIABLE = YES;
				HEADER_SEARCH_PATHS = (
					"../../src",
				);
				OBJROOT = "obj/x64/Debug/BulletFileLoader";
				ONLY_ACTIVE_ARCH = YES;
				OTHER_CFLAGS = (
					"-ffast-math",
				);
				STANDARD_C_PLUS_PLUS_LIBRARY_TYPE = static;
				SYMROOT = "../../bin";
			};
			name = "Debug";
		};
/* End XCBuildConfiguration section */

/* Begin XCConfigurationList section */
		725C0FD6304912C1675A591F /* Build configuration list for PBXNativeTarget "libBulletFileLoader_xcode4_x64_release.a" */ = {
			isa = XCConfigurationList;
			buildConfigurations = (
				7B403674268D2654121130BC /* Release */,
				1E3F5303111843733E1B7368 /* Debug */,
			);
			defaultConfigurationIsVisible = 0;
			defaultConfigurationName = "Release";
		};
		1DEB928908733DD80010E9CD /* Build configuration list for PBXProject "BulletFileLoader" */ = {
			isa = XCConfigurationList;
			buildConfigurations = (
				34C0462825207FAE1C8F7202 /* Release */,
				47CF04922A9D4AF0087A245B /* Debug */,
			);
			defaultConfigurationIsVisible = 0;
			defaultConfigurationName = "Release";
		};
/* End XCConfigurationList section */

	};
	rootObject = 08FB7793FE84155DC02AAC07 /* Project object */;
}
