// !$*UTF8*$!
{
	archiveVersion = 1;
	classes = {
	};
	objectVersion = 45;
	objects = {

/* Begin PBXBuildFile section */
		7F5261DF114420AE3DAF58E5 /* b3ConvexHullComputer.cpp in Sources */ = {isa = PBXBuildFile; fileRef = 200B4F9218B6634E25127673 /* b3ConvexHullComputer.cpp */; };
		14463AD036C3419D69B23B11 /* b3GeometryUtil.cpp in Sources */ = {isa = PBXBuildFile; fileRef = 5E9C6D455E55441364051DEC /* b3GeometryUtil.cpp */; };
/* End PBXBuildFile section */

/* Begin PBXFileReference section */
		20AD4E026E5138002A887FA4 /* b3AabbUtil.h */ = {isa = PBXFileReference; lastKnownFileType = sourcecode.c.h; name = "b3AabbUtil.h"; path = "../../src/Bullet3Geometry/b3AabbUtil.h"; sourceTree = "<group>"; };
		200B4F9218B6634E25127673 /* b3ConvexHullComputer.cpp */ = {isa = PBXFileReference; lastKnownFileType = sourcecode.cpp.cpp; name = "b3ConvexHullComputer.cpp"; path = "../../src/Bullet3Geometry/b3ConvexHullComputer.cpp"; sourceTree = "<group>"; };
		28CF531271C5690413E6040E /* b3ConvexHullComputer.h */ = {isa = PBXFileReference; lastKnownFileType = sourcecode.c.h; name = "b3ConvexHullComputer.h"; path = "../../src/Bullet3Geometry/b3ConvexHullComputer.h"; sourceTree = "<group>"; };
		5E9C6D455E55441364051DEC /* b3GeometryUtil.cpp */ = {isa = PBXFileReference; lastKnownFileType = sourcecode.cpp.cpp; name = "b3GeometryUtil.cpp"; path = "../../src/Bullet3Geometry/b3GeometryUtil.cpp"; sourceTree = "<group>"; };
		141449E912EC665844F160E9 /* b3GeometryUtil.h */ = {isa = PBXFileReference; lastKnownFileType = sourcecode.c.h; name = "b3GeometryUtil.h"; path = "../../src/Bullet3Geometry/b3GeometryUtil.h"; sourceTree = "<group>"; };
		6391556B6BC97164034821F5 /* b3GrahamScan2dConvexHull.h */ = {isa = PBXFileReference; lastKnownFileType = sourcecode.c.h; name = "b3GrahamScan2dConvexHull.h"; path = "../../src/Bullet3Geometry/b3GrahamScan2dConvexHull.h"; sourceTree = "<group>"; };
		6E5D38936AAB1C944C08493C /* libBullet3Geometry_xcode4_x64_release.a */ = {isa = PBXFileReference; explicitFileType = archive.ar; includeInIndex = 0; name = "libBullet3Geometry_xcode4_x64_release.a"; path = "libBullet3Geometry_xcode4_x64_release.a"; sourceTree = BUILT_PRODUCTS_DIR; };
/* End PBXFileReference section */

/* Begin PBXFrameworksBuildPhase section */
		3887492B3C2071A463260ED8 /* Frameworks */ = {
			isa = PBXFrameworksBuildPhase;
			buildActionMask = 2147483647;
			files = (
			);
			runOnlyForDeploymentPostprocessing = 0;
		};
/* End PBXFrameworksBuildPhase section */

/* Begin PBXGroup section */
		6A4B0BD57CD24CFF3AC43425 /* Bullet3Geometry */ = {
			isa = PBXGroup;
			children = (
				7802568831C5369E009003CF /* src */,
				62DC15BA6F5B5AAC0FFF64F7 /* Products */,
			);
			name = "Bullet3Geometry";
			sourceTree = "<group>";
		};
		7802568831C5369E009003CF /* src */ = {
			isa = PBXGroup;
			children = (
				37F80CB027F635EB0D467595 /* Bullet3Geometry */,
			);
			name = "src";
			sourceTree = "<group>";
		};
		37F80CB027F635EB0D467595 /* Bullet3Geometry */ = {
			isa = PBXGroup;
			children = (
				20AD4E026E5138002A887FA4 /* b3AabbUtil.h */,
				200B4F9218B6634E25127673 /* b3ConvexHullComputer.cpp */,
				28CF531271C5690413E6040E /* b3ConvexHullComputer.h */,
				5E9C6D455E55441364051DEC /* b3GeometryUtil.cpp */,
				141449E912EC665844F160E9 /* b3GeometryUtil.h */,
				6391556B6BC97164034821F5 /* b3GrahamScan2dConvexHull.h */,
			);
			name = "Bullet3Geometry";
			sourceTree = "<group>";
		};
		62DC15BA6F5B5AAC0FFF64F7 /* Products */ = {
			isa = PBXGroup;
			children = (
				6E5D38936AAB1C944C08493C /* libBullet3Geometry_xcode4_x64_release.a */,
			);
			name = "Products";
			sourceTree = "<group>";
		};
/* End PBXGroup section */

/* Begin PBXNativeTarget section */
		437D022B10157AB9448A45A2 /* Bullet3Geometry */ = {
			isa = PBXNativeTarget;
			buildConfigurationList = 52DB3F2F53773DEC6CA579AC /* Build configuration list for PBXNativeTarget "Bullet3Geometry" */;
			buildPhases = (
				169A062173AB7626703C01B9 /* Resources */,
				45EB54C170FB21852D406FF8 /* Sources */,
				3887492B3C2071A463260ED8 /* Frameworks */,
			);
			buildRules = (
			);
			dependencies = (
			);
			name = "Bullet3Geometry";
			productName = "Bullet3Geometry";
			productReference = 6E5D38936AAB1C944C08493C /* libBullet3Geometry_xcode4_x64_release.a */;
			productType = "com.apple.product-type.library.static";
		};
/* End PBXNativeTarget section */

/* Begin PBXProject section */
		08FB7793FE84155DC02AAC07 /* Project object */ = {
			isa = PBXProject;
			buildConfigurationList = 1DEB928908733DD80010E9CD /* Build configuration list for PBXProject "Bullet3Geometry" */;
			compatibilityVersion = "Xcode 3.2";
			hasScannedForEncodings = 1;
			mainGroup = 6A4B0BD57CD24CFF3AC43425 /* Bullet3Geometry */;
			projectDirPath = "";
			projectRoot = "";
			targets = (
				437D022B10157AB9448A45A2 /* libBullet3Geometry_xcode4_x64_release.a */,
			);
		};
/* End PBXProject section */

/* Begin PBXResourcesBuildPhase section */
		169A062173AB7626703C01B9 /* Resources */ = {
			isa = PBXResourcesBuildPhase;
			buildActionMask = 2147483647;
			files = (
			);
			runOnlyForDeploymentPostprocessing = 0;
		};
/* End PBXResourcesBuildPhase section */

/* Begin PBXSourcesBuildPhase section */
		45EB54C170FB21852D406FF8 /* Sources */ = {
			isa = PBXSourcesBuildPhase;
			buildActionMask = 2147483647;
			files = (
				7F5261DF114420AE3DAF58E5 /* b3ConvexHullComputer.cpp in Sources */,
				14463AD036C3419D69B23B11 /* b3GeometryUtil.cpp in Sources */,
			);
			runOnlyForDeploymentPostprocessing = 0;
		};
/* End PBXSourcesBuildPhase section */

/* Begin PBXVariantGroup section */
/* End PBXVariantGroup section */

/* Begin XCBuildConfiguration section */
		48ED66DC1AFE573709541C60 /* Release */ = {
			isa = XCBuildConfiguration;
			buildSettings = {
				ARCHS = "$(ARCHS_STANDARD_32_BIT) $(ARCHS_STANDARD_64_BIT)";
				VALID_ARCHS = "x86_64 i386";
				ALWAYS_SEARCH_USER_PATHS = NO;
				DEBUG_INFORMATION_FORMAT = "dwarf-with-dsym";
				CONFIGURATION_BUILD_DIR = "../../bin";
				GCC_DYNAMIC_NO_PIC = NO;
				GCC_MODEL_TUNING = G5;
				INSTALL_PATH = /usr/local/lib;
				PRODUCT_NAME = "Bullet3Geometry_xcode4_x64_release";
			};
			name = "Release";
		};
		555D62D601D03EE935D357AF /* Debug */ = {
			isa = XCBuildConfiguration;
			buildSettings = {
				ARCHS = "$(ARCHS_STANDARD_32_BIT) $(ARCHS_STANDARD_64_BIT)";
				VALID_ARCHS = "x86_64 i386";
				ALWAYS_SEARCH_USER_PATHS = NO;
				CONFIGURATION_BUILD_DIR = "../../bin";
				GCC_DYNAMIC_NO_PIC = NO;
				GCC_MODEL_TUNING = G5;
				INSTALL_PATH = /usr/local/lib;
				PRODUCT_NAME = "Bullet3Geometry_xcode4_x64_debug";
			};
			name = "Debug";
		};
		6C5C402960BB3EE9578D1579 /* Release */ = {
			isa = XCBuildConfiguration;
			buildSettings = {
				ARCHS = "$(ARCHS_STANDARD_32_BIT) $(ARCHS_STANDARD_64_BIT)";
				VALID_ARCHS = "x86_64 i386";
				SDKROOT = macosx;
				ARCHS = "x86_64";
				CONFIGURATION_BUILD_DIR = "$(SYMROOT)";
				CONFIGURATION_TEMP_DIR = "$(OBJROOT)";
				GCC_C_LANGUAGE_STANDARD = gnu99;
				GCC_OPTIMIZATION_LEVEL = s;
				GCC_SYMBOLS_PRIVATE_EXTERN = NO;
				GCC_WARN_ABOUT_RETURN_TYPE = YES;
				GCC_WARN_UNUSED_VARIABLE = YES;
				HEADER_SEARCH_PATHS = (
					"../../src",
				);
				OBJROOT = "obj/x64/Release/Bullet3Geometry";
				ONLY_ACTIVE_ARCH = NO;
				OTHER_CFLAGS = (
					"-ffast-math",
				);
				STANDARD_C_PLUS_PLUS_LIBRARY_TYPE = static;
				SYMROOT = "../../bin";
			};
			name = "Release";
		};
		59EC32F72B78657248E22C5E /* Debug */ = {
			isa = XCBuildConfiguration;
			buildSettings = {
				ARCHS = "$(ARCHS_STANDARD_32_BIT) $(ARCHS_STANDARD_64_BIT)";
				VALID_ARCHS = "x86_64 i386";
				SDKROOT = macosx;
				ARCHS = "x86_64";
				CONFIGURATION_BUILD_DIR = "$(SYMROOT)";
				CONFIGURATION_TEMP_DIR = "$(OBJROOT)";
				COPY_PHASE_STRIP = NO;
				GCC_C_LANGUAGE_STANDARD = gnu99;
				GCC_OPTIMIZATION_LEVEL = 0;
				GCC_PREPROCESSOR_DEFINITIONS = (
					"_DEBUG=1",
				);
				GCC_SYMBOLS_PRIVATE_EXTERN = NO;
				GCC_WARN_ABOUT_RETURN_TYPE = YES;
				GCC_WARN_UNUSED_VARIABLE = YES;
				HEADER_SEARCH_PATHS = (
					"../../src",
				);
				OBJROOT = "obj/x64/Debug/Bullet3Geometry";
				ONLY_ACTIVE_ARCH = YES;
				OTHER_CFLAGS = (
					"-ffast-math",
				);
				STANDARD_C_PLUS_PLUS_LIBRARY_TYPE = static;
				SYMROOT = "../../bin";
			};
			name = "Debug";
		};
/* End XCBuildConfiguration section */

/* Begin XCConfigurationList section */
		52DB3F2F53773DEC6CA579AC /* Build configuration list for PBXNativeTarget "libBullet3Geometry_xcode4_x64_release.a" */ = {
			isa = XCConfigurationList;
			buildConfigurations = (
				48ED66DC1AFE573709541C60 /* Release */,
				555D62D601D03EE935D357AF /* Debug */,
			);
			defaultConfigurationIsVisible = 0;
			defaultConfigurationName = "Release";
		};
		1DEB928908733DD80010E9CD /* Build configuration list for PBXProject "Bullet3Geometry" */ = {
			isa = XCConfigurationList;
			buildConfigurations = (
				6C5C402960BB3EE9578D1579 /* Release */,
				59EC32F72B78657248E22C5E /* Debug */,
			);
			defaultConfigurationIsVisible = 0;
			defaultConfigurationName = "Release";
		};
/* End XCConfigurationList section */

	};
	rootObject = 08FB7793FE84155DC02AAC07 /* Project object */;
}
